
Microsoft Visual Studio Solution File, Format Version 12.00
# Visual Studio Version 17
VisualStudioVersion = 17.7.33808.371
MinimumVisualStudioVersion = 10.0.40219.1
Project("{2150E333-8FDC-42A3-9474-1A3956D46DE8}") = "src", "src", "{99E83F35-CB16-4CCA-AB21-8289014DFFC5}"
EndProject
Project("{2150E333-8FDC-42A3-9474-1A3956D46DE8}") = "tests", "tests", "{BDFB6F04-4B9D-498F-B4DA-A4A3A3BA5493}"
EndProject
Project("{9A19103F-16F7-4668-BE54-9A1E7A4F7556}") = "FC.Codeflix.Catalog.UnitTests", "FC.Codeflix.Catalog.UnitTests\FC.Codeflix.Catalog.UnitTests.csproj", "{5803C950-D812-4749-8BC7-5123B43A10F9}"
EndProject
Project("{9A19103F-16F7-4668-BE54-9A1E7A4F7556}") = "FC.Codeflix.Catalog.Domain", "FC.Codeflix.Catalog.Domain\FC.Codeflix.Catalog.Domain.csproj", "{B123FDC4-0D1C-4FF5-BBC4-9C7746183A94}"
EndProject
Project("{FAE04EC0-301F-11D3-BF4B-00C04F79EFBC}") = "FC.Codeflix.Catalog.Application", "FC.Codeflix.Catalog.Application\FC.Codeflix.Catalog.Application.csproj", "{22FA7B50-9B75-455B-B452-3875331ADFEA}"
EndProject
Global
	GlobalSection(SolutionConfigurationPlatforms) = preSolution
		Debug|Any CPU = Debug|Any CPU
		Release|Any CPU = Release|Any CPU
	EndGlobalSection
	GlobalSection(ProjectConfigurationPlatforms) = postSolution
		{5803C950-D812-4749-8BC7-5123B43A10F9}.Debug|Any CPU.ActiveCfg = Debug|Any CPU
		{5803C950-D812-4749-8BC7-5123B43A10F9}.Debug|Any CPU.Build.0 = Debug|Any CPU
		{5803C950-D812-4749-8BC7-5123B43A10F9}.Release|Any CPU.ActiveCfg = Release|Any CPU
		{5803C950-D812-4749-8BC7-5123B43A10F9}.Release|Any CPU.Build.0 = Release|Any CPU
		{B123FDC4-0D1C-4FF5-BBC4-9C7746183A94}.Debug|Any CPU.ActiveCfg = Debug|Any CPU
		{B123FDC4-0D1C-4FF5-BBC4-9C7746183A94}.Debug|Any CPU.Build.0 = Debug|Any CPU
		{B123FDC4-0D1C-4FF5-BBC4-9C7746183A94}.Release|Any CPU.ActiveCfg = Release|Any CPU
		{B123FDC4-0D1C-4FF5-BBC4-9C7746183A94}.Release|Any CPU.Build.0 = Release|Any CPU
		{22FA7B50-9B75-455B-B452-3875331ADFEA}.Debug|Any CPU.ActiveCfg = Debug|Any CPU
		{22FA7B50-9B75-455B-B452-3875331ADFEA}.Debug|Any CPU.Build.0 = Debug|Any CPU
		{22FA7B50-9B75-455B-B452-3875331ADFEA}.Release|Any CPU.ActiveCfg = Release|Any CPU
		{22FA7B50-9B75-455B-B452-3875331ADFEA}.Release|Any CPU.Build.0 = Release|Any CPU
	EndGlobalSection
	GlobalSection(SolutionProperties) = preSolution
		HideSolutionNode = FALSE
	EndGlobalSection
	GlobalSection(NestedProjects) = preSolution
		{5803C950-D812-4749-8BC7-5123B43A10F9} = {BDFB6F04-4B9D-498F-B4DA-A4A3A3BA5493}
		{B123FDC4-0D1C-4FF5-BBC4-9C7746183A94} = {99E83F35-CB16-4CCA-AB21-8289014DFFC5}
		{22FA7B50-9B75-455B-B452-3875331ADFEA} = {99E83F35-CB16-4CCA-AB21-8289014DFFC5}
	EndGlobalSection
	GlobalSection(ExtensibilityGlobals) = postSolution
		SolutionGuid = {80D3C31D-C8BB-4049-9002-A680A96F1981}
	EndGlobalSection
EndGlobal
